
Microsoft Visual Studio Solution File, Format Version 12.00
# Visual Studio Version 16
VisualStudioVersion = 16.0.31410.357
MinimumVisualStudioVersion = 10.0.40219.1
Project("{FAE04EC0-301F-11D3-BF4B-00C04F79EFBC}") = "Rabbit.Queues.NewTask", "Rabbit.Queues.Producer\Rabbit.Queues.NewTask.csproj", "{758E559B-4674-4601-9297-FE057A55B312}"
EndProject
Project("{FAE04EC0-301F-11D3-BF4B-00C04F79EFBC}") = "Rabbit.Queues.Worker", "Rabbit.Queues.Consumers\Rabbit.Queues.Worker.csproj", "{A985EE24-F299-4F2E-97BC-081900D9EAB6}"
EndProject
Global
	GlobalSection(SolutionConfigurationPlatforms) = preSolution
		Debug|Any CPU = Debug|Any CPU
		Release|Any CPU = Release|Any CPU
	EndGlobalSection
	GlobalSection(ProjectConfigurationPlatforms) = postSolution
		{758E559B-4674-4601-9297-FE057A55B312}.Debug|Any CPU.ActiveCfg = Debug|Any CPU
		{758E559B-4674-4601-9297-FE057A55B312}.Debug|Any CPU.Build.0 = Debug|Any CPU
		{758E559B-4674-4601-9297-FE057A55B312}.Release|Any CPU.ActiveCfg = Release|Any CPU
		{758E559B-4674-4601-9297-FE057A55B312}.Release|Any CPU.Build.0 = Release|Any CPU
		{A985EE24-F299-4F2E-97BC-081900D9EAB6}.Debug|Any CPU.ActiveCfg = Debug|Any CPU
		{A985EE24-F299-4F2E-97BC-081900D9EAB6}.Debug|Any CPU.Build.0 = Debug|Any CPU
		{A985EE24-F299-4F2E-97BC-081900D9EAB6}.Release|Any CPU.ActiveCfg = Release|Any CPU
		{A985EE24-F299-4F2E-97BC-081900D9EAB6}.Release|Any CPU.Build.0 = Release|Any CPU
	EndGlobalSection
	GlobalSection(SolutionProperties) = preSolution
		HideSolutionNode = FALSE
	EndGlobalSection
	GlobalSection(ExtensibilityGlobals) = postSolution
		SolutionGuid = {A44FC00D-E77A-4827-8654-4E11F95C9D81}
	EndGlobalSection
EndGlobal
